// !$*UTF8*$!
{
	archiveVersion = 1;
	classes = {
	};
	objectVersion = 54;
	objects = {

/* Begin PBXBuildFile section */
		1498D2341E8E89220040F4C2 /* GeneratedPluginRegistrant.m in Sources */ = {isa = PBXBuildFile; fileRef = 1498D2331E8E89220040F4C2 /* GeneratedPluginRegistrant.m */; };
		331C808B294A63AB00263BE5 /* RunnerTests.swift in Sources */ = {isa = PBXBuildFile; fileRef = 331C807B294A618700263BE5 /* RunnerTests.swift */; };
		3B3967161E833CAA004F5970 /* AppFrameworkInfo.plist in Resources */ = {isa = PBXBuildFile; fileRef = 3B3967151E833CAA004F5970 /* AppFrameworkInfo.plist */; };
		74858FAF1ED2DC5600515810 /* AppDelegate.swift in Sources */ = {isa = PBXBuildFile; fileRef = 74858FAE1ED2DC5600515810 /* AppDelegate.swift */; };
		7884E8682EC3CC0700C636F2 /* SceneDelegate.swift in Sources */ = {isa = PBXBuildFile; fileRef = 7884E8672EC3CC0400C636F2 /* SceneDelegate.swift */; };
		78A318202AECB46A00862997 /* FlutterGeneratedPluginSwiftPackage in Frameworks */ = {isa = PBXBuildFile; productRef = 78A3181F2AECB46A00862997 /* FlutterGeneratedPluginSwiftPackage */; };
		82D0F62360DA865FB45ADEA1 /* Pods_Runner.framework in Frameworks */ = {isa = PBXBuildFile; fileRef = 72F646DFA29C5C061D6A4ECE /* Pods_Runner.framework */; };
		94085D94F76B37DFBF2895B4 /* Pods_RunnerTests.framework in Frameworks */ = {isa = PBXBuildFile; fileRef = 6DB7AB835E93EDDD9D0B8289 /* Pods_RunnerTests.framework */; };
		97C146FC1CF9000F007C117D /* Main.storyboard in Resources */ = {isa = PBXBuildFile; fileRef = 97C146FA1CF9000F007C117D /* Main.storyboard */; };
		97C146FE1CF9000F007C117D /* Assets.xcassets in Resources */ = {isa = PBXBuildFile; fileRef = 97C146FD1CF9000F007C117D /* Assets.xcassets */; };
		97C147011CF9000F007C117D /* LaunchScreen.storyboard in Resources */ = {isa = PBXBuildFile; fileRef = 97C146FF1CF9000F007C117D /* LaunchScreen.storyboard */; };
		A10000010000000000000001 /* CoreMlNemotronAsrBridge.swift in Sources */ = {isa = PBXBuildFile; fileRef = A10000040000000000000004 /* CoreMlNemotronAsrBridge.swift */; };
		A10000020000000000000002 /* CoreMlNemotronAudioInput.swift in Sources */ = {isa = PBXBuildFile; fileRef = A10000050000000000000005 /* CoreMlNemotronAudioInput.swift */; };
		A10000030000000000000003 /* CoreMlNemotronModelStore.swift in Sources */ = {isa = PBXBuildFile; fileRef = A10000060000000000000006 /* CoreMlNemotronModelStore.swift */; };
		A10000070000000000000007 /* CoreMlNemotronFluidAudioAdapter.swift in Sources */ = {isa = PBXBuildFile; fileRef = A10000090000000000000009 /* CoreMlNemotronFluidAudioAdapter.swift */; };
		A10000080000000000000008 /* FluidAudio in Frameworks */ = {isa = PBXBuildFile; productRef = A100000A00000000000000A /* FluidAudio */; };
		A100000C00000000000000C /* CoreMlNemotronEndpointDetector.swift in Sources */ = {isa = PBXBuildFile; fileRef = A100000D00000000000000D /* CoreMlNemotronEndpointDetector.swift */; };
		A100000E00000000000000E /* CoreMlNemotronModelResolver.swift in Sources */ = {isa = PBXBuildFile; fileRef = A1000010000000000000010 /* CoreMlNemotronModelResolver.swift */; };
		A100000F00000000000000F /* CoreMlNemotronRuntimeOptions.swift in Sources */ = {isa = PBXBuildFile; fileRef = A1000011000000000000011 /* CoreMlNemotronRuntimeOptions.swift */; };
		A1000012000000000000012 /* OnDeviceTranslationBridge.swift in Sources */ = {isa = PBXBuildFile; fileRef = A1000013000000000000013 /* OnDeviceTranslationBridge.swift */; };
		A1000014000000000000014 /* SpeechOutputBridge.swift in Sources */ = {isa = PBXBuildFile; fileRef = A1000015000000000000015 /* SpeechOutputBridge.swift */; };
		A1000016000000000000016 /* OcrBridge.swift in Sources */ = {isa = PBXBuildFile; fileRef = A1000017000000000000017 /* OcrBridge.swift */; };
		A1000018000000000000018 /* StoreKitBridge.swift in Sources */ = {isa = PBXBuildFile; fileRef = A1000019000000000000019 /* StoreKitBridge.swift */; };
		A100001A00000000000001A /* AudioSessionCoordinator.swift in Sources */ = {isa = PBXBuildFile; fileRef = A100001B00000000000001B /* AudioSessionCoordinator.swift */; };
		A100001C00000000000001C /* CoreMlNemotronFluidVad.swift in Sources */ = {isa = PBXBuildFile; fileRef = A100001D00000000000001D /* CoreMlNemotronFluidVad.swift */; };
		A100001E00000000000001E /* CoreMlNemotronLanguageRouter.swift in Sources */ = {isa = PBXBuildFile; fileRef = A100001F00000000000001F /* CoreMlNemotronLanguageRouter.swift */; };
		A1000020000000000000020 /* CoreMlNemotronDiagnosticRecorder.swift in Sources */ = {isa = PBXBuildFile; fileRef = A1000021000000000000021 /* CoreMlNemotronDiagnosticRecorder.swift */; };
		B100001C000000000000001C /* InfoPlist.strings in Resources */ = {isa = PBXBuildFile; fileRef = B100001B000000000000001B /* InfoPlist.strings */; };
		C10000010000000000000001 /* Models in Resources */ = {isa = PBXBuildFile; fileRef = C10000020000000000000002 /* Models */; };
		E60000000000000000000001 /* EnterpriseReplayKitBridge.swift in Sources */ = {isa = PBXBuildFile; fileRef = E60000000000000000000002 /* EnterpriseReplayKitBridge.swift */; };
		E60000000000000000000003 /* EnterpriseBroadcast.appex in Embed App Extensions */ = {isa = PBXBuildFile; fileRef = E60000000000000000000004 /* EnterpriseBroadcast.appex */; settings = {ATTRIBUTES = (RemoveHeadersOnCopy, ); }; };
		E60000000000000000000005 /* ReplayKit.framework in Frameworks */ = {isa = PBXBuildFile; fileRef = E60000000000000000000006 /* ReplayKit.framework */; };
		E60000000000000000000007 /* Atomic.swift in Sources */ = {isa = PBXBuildFile; fileRef = E60000000000000000000017 /* Atomic.swift */; };
		E60000000000000000000008 /* DarwinNotificationCenter.swift in Sources */ = {isa = PBXBuildFile; fileRef = E60000000000000000000018 /* DarwinNotificationCenter.swift */; };
		E60000000000000000000009 /* SocketConnection.swift in Sources */ = {isa = PBXBuildFile; fileRef = E60000000000000000000019 /* SocketConnection.swift */; };
		E6000000000000000000000A /* SampleUploader.swift in Sources */ = {isa = PBXBuildFile; fileRef = E6000000000000000000001A /* SampleUploader.swift */; };
		E6000000000000000000000B /* SampleHandler.swift in Sources */ = {isa = PBXBuildFile; fileRef = E6000000000000000000001B /* SampleHandler.swift */; };
/* End PBXBuildFile section */

/* Begin PBXContainerItemProxy section */
		331C8085294A63A400263BE5 /* PBXContainerItemProxy */ = {
			isa = PBXContainerItemProxy;
			containerPortal = 97C146E61CF9000F007C117D /* Project object */;
			proxyType = 1;
			remoteGlobalIDString = 97C146ED1CF9000F007C117D;
			remoteInfo = Runner;
		};
		E6000000000000000000000C /* PBXContainerItemProxy */ = {
			isa = PBXContainerItemProxy;
			containerPortal = 97C146E61CF9000F007C117D /* Project object */;
			proxyType = 1;
			remoteGlobalIDString = E60000000000000000000020;
			remoteInfo = EnterpriseBroadcast;
		};
/* End PBXContainerItemProxy section */

/* Begin PBXCopyFilesBuildPhase section */
		9705A1C41CF9048500538489 /* Embed Frameworks */ = {
			isa = PBXCopyFilesBuildPhase;
			buildActionMask = 2147483647;
			dstPath = "";
			dstSubfolderSpec = 10;
			files = (
			);
			name = "Embed Frameworks";
			runOnlyForDeploymentPostprocessing = 0;
		};
		E6000000000000000000000D /* Embed App Extensions */ = {
			isa = PBXCopyFilesBuildPhase;
			buildActionMask = 2147483647;
			dstPath = "";
			dstSubfolderSpec = 13;
			files = (
				E60000000000000000000003 /* EnterpriseBroadcast.appex in Embed App Extensions */,
			);
			name = "Embed App Extensions";
			runOnlyForDeploymentPostprocessing = 0;
		};
/* End PBXCopyFilesBuildPhase section */

/* Begin PBXFileReference section */
		126BF60A69F462D66E5BE52F /* Pods-Runner.release.xcconfig */ = {isa = PBXFileReference; includeInIndex = 1; lastKnownFileType = text.xcconfig; name = "Pods-Runner.release.xcconfig"; path = "Target Support Files/Pods-Runner/Pods-Runner.release.xcconfig"; sourceTree = "<group>"; };
		1498D2321E8E86230040F4C2 /* GeneratedPluginRegistrant.h */ = {isa = PBXFileReference; lastKnownFileType = sourcecode.c.h; path = GeneratedPluginRegistrant.h; sourceTree = "<group>"; };
		1498D2331E8E89220040F4C2 /* GeneratedPluginRegistrant.m */ = {isa = PBXFileReference; fileEncoding = 4; lastKnownFileType = sourcecode.c.objc; path = GeneratedPluginRegistrant.m; sourceTree = "<group>"; };
		260A40D805F8B5AEE5766788 /* Pods-Runner.profile.xcconfig */ = {isa = PBXFileReference; includeInIndex = 1; lastKnownFileType = text.xcconfig; name = "Pods-Runner.profile.xcconfig"; path = "Target Support Files/Pods-Runner/Pods-Runner.profile.xcconfig"; sourceTree = "<group>"; };
		331C807B294A618700263BE5 /* RunnerTests.swift */ = {isa = PBXFileReference; lastKnownFileType = sourcecode.swift; path = RunnerTests.swift; sourceTree = "<group>"; };
		331C8081294A63A400263BE5 /* RunnerTests.xctest */ = {isa = PBXFileReference; explicitFileType = wrapper.cfbundle; includeInIndex = 0; path = RunnerTests.xctest; sourceTree = BUILT_PRODUCTS_DIR; };
		3B3967151E833CAA004F5970 /* AppFrameworkInfo.plist */ = {isa = PBXFileReference; fileEncoding = 4; lastKnownFileType = text.plist.xml; name = AppFrameworkInfo.plist; path = Flutter/AppFrameworkInfo.plist; sourceTree = "<group>"; };
		5253981453D4812FB15034A1 /* Pods-RunnerTests.release.xcconfig */ = {isa = PBXFileReference; includeInIndex = 1; lastKnownFileType = text.xcconfig; name = "Pods-RunnerTests.release.xcconfig"; path = "Target Support Files/Pods-RunnerTests/Pods-RunnerTests.release.xcconfig"; sourceTree = "<group>"; };
		6524750D286D9C8F994614B8 /* Pods-Runner.debug.xcconfig */ = {isa = PBXFileReference; includeInIndex = 1; lastKnownFileType = text.xcconfig; name = "Pods-Runner.debug.xcconfig"; path = "Target Support Files/Pods-Runner/Pods-Runner.debug.xcconfig"; sourceTree = "<group>"; };
		6DB7AB835E93EDDD9D0B8289 /* Pods_RunnerTests.framework */ = {isa = PBXFileReference; explicitFileType = wrapper.framework; includeInIndex = 0; path = Pods_RunnerTests.framework; sourceTree = BUILT_PRODUCTS_DIR; };
		72F646DFA29C5C061D6A4ECE /* Pods_Runner.framework */ = {isa = PBXFileReference; explicitFileType = wrapper.framework; includeInIndex = 0; path = Pods_Runner.framework; sourceTree = BUILT_PRODUCTS_DIR; };
		74858FAD1ED2DC5600515810 /* Runner-Bridging-Header.h */ = {isa = PBXFileReference; lastKnownFileType = sourcecode.c.h; path = "Runner-Bridging-Header.h"; sourceTree = "<group>"; };
		74858FAE1ED2DC5600515810 /* AppDelegate.swift */ = {isa = PBXFileReference; fileEncoding = 4; lastKnownFileType = sourcecode.swift; path = AppDelegate.swift; sourceTree = "<group>"; };
		7884E8672EC3CC0400C636F2 /* SceneDelegate.swift */ = {isa = PBXFileReference; lastKnownFileType = sourcecode.swift; path = SceneDelegate.swift; sourceTree = "<group>"; };
		78E0A7A72DC9AD7400C4905E /* FlutterGeneratedPluginSwiftPackage */ = {isa = PBXFileReference; lastKnownFileType = wrapper; name = FlutterGeneratedPluginSwiftPackage; path = Flutter/ephemeral/Packages/FlutterGeneratedPluginSwiftPackage; sourceTree = "<group>"; };
		7AFA3C8E1D35360C0083082E /* Release.xcconfig */ = {isa = PBXFileReference; lastKnownFileType = text.xcconfig; name = Release.xcconfig; path = Flutter/Release.xcconfig; sourceTree = "<group>"; };
		9740EEB21CF90195004384FC /* Debug.xcconfig */ = {isa = PBXFileReference; fileEncoding = 4; lastKnownFileType = text.xcconfig; name = Debug.xcconfig; path = Flutter/Debug.xcconfig; sourceTree = "<group>"; };
		9740EEB31CF90195004384FC /* Generated.xcconfig */ = {isa = PBXFileReference; fileEncoding = 4; lastKnownFileType = text.xcconfig; name = Generated.xcconfig; path = Flutter/Generated.xcconfig; sourceTree = "<group>"; };
		97C146EE1CF9000F007C117D /* Runner.app */ = {isa = PBXFileReference; explicitFileType = wrapper.application; includeInIndex = 0; path = Runner.app; sourceTree = BUILT_PRODUCTS_DIR; };
		97C146FB1CF9000F007C117D /* Base */ = {isa = PBXFileReference; lastKnownFileType = file.storyboard; name = Base; path = Base.lproj/Main.storyboard; sourceTree = "<group>"; };
		97C146FD1CF9000F007C117D /* Assets.xcassets */ = {isa = PBXFileReference; lastKnownFileType = folder.assetcatalog; path = Assets.xcassets; sourceTree = "<group>"; };
		97C147001CF9000F007C117D /* Base */ = {isa = PBXFileReference; lastKnownFileType = file.storyboard; name = Base; path = Base.lproj/LaunchScreen.storyboard; sourceTree = "<group>"; };
		97C147021CF9000F007C117D /* Info.plist */ = {isa = PBXFileReference; lastKnownFileType = text.plist.xml; path = Info.plist; sourceTree = "<group>"; };
		9D8489B07F180424E5C52EDE /* Pods-RunnerTests.debug.xcconfig */ = {isa = PBXFileReference; includeInIndex = 1; lastKnownFileType = text.xcconfig; name = "Pods-RunnerTests.debug.xcconfig"; path = "Target Support Files/Pods-RunnerTests/Pods-RunnerTests.debug.xcconfig"; sourceTree = "<group>"; };
		A10000040000000000000004 /* CoreMlNemotronAsrBridge.swift */ = {isa = PBXFileReference; lastKnownFileType = sourcecode.swift; path = CoreMlNemotronAsrBridge.swift; sourceTree = "<group>"; };
		A10000050000000000000005 /* CoreMlNemotronAudioInput.swift */ = {isa = PBXFileReference; lastKnownFileType = sourcecode.swift; path = CoreMlNemotronAudioInput.swift; sourceTree = "<group>"; };
		A10000060000000000000006 /* CoreMlNemotronModelStore.swift */ = {isa = PBXFileReference; lastKnownFileType = sourcecode.swift; path = CoreMlNemotronModelStore.swift; sourceTree = "<group>"; };
		A10000090000000000000009 /* CoreMlNemotronFluidAudioAdapter.swift */ = {isa = PBXFileReference; lastKnownFileType = sourcecode.swift; path = CoreMlNemotronFluidAudioAdapter.swift; sourceTree = "<group>"; };
		A100000D00000000000000D /* CoreMlNemotronEndpointDetector.swift */ = {isa = PBXFileReference; lastKnownFileType = sourcecode.swift; path = CoreMlNemotronEndpointDetector.swift; sourceTree = "<group>"; };
		A1000010000000000000010 /* CoreMlNemotronModelResolver.swift */ = {isa = PBXFileReference; lastKnownFileType = sourcecode.swift; path = CoreMlNemotronModelResolver.swift; sourceTree = "<group>"; };
		A1000011000000000000011 /* CoreMlNemotronRuntimeOptions.swift */ = {isa = PBXFileReference; lastKnownFileType = sourcecode.swift; path = CoreMlNemotronRuntimeOptions.swift; sourceTree = "<group>"; };
		A1000013000000000000013 /* OnDeviceTranslationBridge.swift */ = {isa = PBXFileReference; lastKnownFileType = sourcecode.swift; path = OnDeviceTranslationBridge.swift; sourceTree = "<group>"; };
		A1000015000000000000015 /* SpeechOutputBridge.swift */ = {isa = PBXFileReference; lastKnownFileType = sourcecode.swift; path = SpeechOutputBridge.swift; sourceTree = "<group>"; };
		A1000017000000000000017 /* OcrBridge.swift */ = {isa = PBXFileReference; lastKnownFileType = sourcecode.swift; path = OcrBridge.swift; sourceTree = "<group>"; };
		A1000019000000000000019 /* StoreKitBridge.swift */ = {isa = PBXFileReference; lastKnownFileType = sourcecode.swift; path = StoreKitBridge.swift; sourceTree = "<group>"; };
		A100001B00000000000001B /* AudioSessionCoordinator.swift */ = {isa = PBXFileReference; lastKnownFileType = sourcecode.swift; path = AudioSessionCoordinator.swift; sourceTree = "<group>"; };
		A100001D00000000000001D /* CoreMlNemotronFluidVad.swift */ = {isa = PBXFileReference; lastKnownFileType = sourcecode.swift; path = CoreMlNemotronFluidVad.swift; sourceTree = "<group>"; };
		A100001F00000000000001F /* CoreMlNemotronLanguageRouter.swift */ = {isa = PBXFileReference; lastKnownFileType = sourcecode.swift; path = CoreMlNemotronLanguageRouter.swift; sourceTree = "<group>"; };
		A1000021000000000000021 /* CoreMlNemotronDiagnosticRecorder.swift */ = {isa = PBXFileReference; lastKnownFileType = sourcecode.swift; path = CoreMlNemotronDiagnosticRecorder.swift; sourceTree = "<group>"; };
		AFB11E0EF868B8792539546B /* Pods-RunnerTests.profile.xcconfig */ = {isa = PBXFileReference; includeInIndex = 1; lastKnownFileType = text.xcconfig; name = "Pods-RunnerTests.profile.xcconfig"; path = "Target Support Files/Pods-RunnerTests/Pods-RunnerTests.profile.xcconfig"; sourceTree = "<group>"; };
		B10000190000000000000019 /* zh-Hans */ = {isa = PBXFileReference; lastKnownFileType = text.plist.strings; name = "zh-Hans"; path = "zh-Hans.lproj/InfoPlist.strings"; sourceTree = "<group>"; };
		B100001A000000000000001A /* en */ = {isa = PBXFileReference; lastKnownFileType = text.plist.strings; name = en; path = en.lproj/InfoPlist.strings; sourceTree = "<group>"; };
		C10000020000000000000002 /* Models */ = {isa = PBXFileReference; lastKnownFileType = folder; path = Models; sourceTree = "<group>"; };
		E60000000000000000000002 /* EnterpriseReplayKitBridge.swift */ = {isa = PBXFileReference; lastKnownFileType = sourcecode.swift; path = EnterpriseReplayKitBridge.swift; sourceTree = "<group>"; };
		E60000000000000000000004 /* EnterpriseBroadcast.appex */ = {isa = PBXFileReference; explicitFileType = "wrapper.app-extension"; includeInIndex = 0; path = EnterpriseBroadcast.appex; sourceTree = BUILT_PRODUCTS_DIR; };
		E60000000000000000000006 /* ReplayKit.framework */ = {isa = PBXFileReference; lastKnownFileType = wrapper.framework; name = ReplayKit.framework; path = System/Library/Frameworks/ReplayKit.framework; sourceTree = SDKROOT; };
		E6000000000000000000000E /* Runner.entitlements */ = {isa = PBXFileReference; lastKnownFileType = text.plist.entitlements; path = Runner.entitlements; sourceTree = "<group>"; };
		E6000000000000000000000F /* EnterpriseBroadcast.xcconfig */ = {isa = PBXFileReference; lastKnownFileType = text.xcconfig; name = EnterpriseBroadcast.xcconfig; path = Flutter/EnterpriseBroadcast.xcconfig; sourceTree = "<group>"; };
		E60000000000000000000015 /* Info.plist */ = {isa = PBXFileReference; lastKnownFileType = text.plist.xml; path = Info.plist; sourceTree = "<group>"; };
		E60000000000000000000016 /* EnterpriseBroadcast.entitlements */ = {isa = PBXFileReference; lastKnownFileType = text.plist.entitlements; path = EnterpriseBroadcast.entitlements; sourceTree = "<group>"; };
		E60000000000000000000017 /* Atomic.swift */ = {isa = PBXFileReference; lastKnownFileType = sourcecode.swift; path = Atomic.swift; sourceTree = "<group>"; };
		E60000000000000000000018 /* DarwinNotificationCenter.swift */ = {isa = PBXFileReference; lastKnownFileType = sourcecode.swift; path = DarwinNotificationCenter.swift; sourceTree = "<group>"; };
		E60000000000000000000019 /* SocketConnection.swift */ = {isa = PBXFileReference; lastKnownFileType = sourcecode.swift; path = SocketConnection.swift; sourceTree = "<group>"; };
		E6000000000000000000001A /* SampleUploader.swift */ = {isa = PBXFileReference; lastKnownFileType = sourcecode.swift; path = SampleUploader.swift; sourceTree = "<group>"; };
		E6000000000000000000001B /* SampleHandler.swift */ = {isa = PBXFileReference; lastKnownFileType = sourcecode.swift; path = SampleHandler.swift; sourceTree = "<group>"; };
/* End PBXFileReference section */

/* Begin PBXFrameworksBuildPhase section */
		80C250776264C2626862593A /* Frameworks */ = {
			isa = PBXFrameworksBuildPhase;
			buildActionMask = 2147483647;
			files = (
				94085D94F76B37DFBF2895B4 /* Pods_RunnerTests.framework in Frameworks */,
			);
			runOnlyForDeploymentPostprocessing = 0;
		};
		97C146EB1CF9000F007C117D /* Frameworks */ = {
			isa = PBXFrameworksBuildPhase;
			buildActionMask = 2147483647;
			files = (
				A10000080000000000000008 /* FluidAudio in Frameworks */,
				78A318202AECB46A00862997 /* FlutterGeneratedPluginSwiftPackage in Frameworks */,
				82D0F62360DA865FB45ADEA1 /* Pods_Runner.framework in Frameworks */,
			);
			runOnlyForDeploymentPostprocessing = 0;
		};
		E6000000000000000000001C /* Frameworks */ = {
			isa = PBXFrameworksBuildPhase;
			buildActionMask = 2147483647;
			files = (
				E60000000000000000000005 /* ReplayKit.framework in Frameworks */,
			);
			runOnlyForDeploymentPostprocessing = 0;
		};
/* End PBXFrameworksBuildPhase section */

/* Begin PBXGroup section */
		331C8082294A63A400263BE5 /* RunnerTests */ = {
			isa = PBXGroup;
			children = (
				331C807B294A618700263BE5 /* RunnerTests.swift */,
			);
			path = RunnerTests;
			sourceTree = "<group>";
		};
		39830DD8B0772B8CD3BFE93E /* Frameworks */ = {
			isa = PBXGroup;
			children = (
				E60000000000000000000006 /* ReplayKit.framework */,
				72F646DFA29C5C061D6A4ECE /* Pods_Runner.framework */,
				6DB7AB835E93EDDD9D0B8289 /* Pods_RunnerTests.framework */,
			);
			name = Frameworks;
			sourceTree = "<group>";
		};
		736F077792687F861C59AC1F /* Pods */ = {
			isa = PBXGroup;
			children = (
				6524750D286D9C8F994614B8 /* Pods-Runner.debug.xcconfig */,
				126BF60A69F462D66E5BE52F /* Pods-Runner.release.xcconfig */,
				260A40D805F8B5AEE5766788 /* Pods-Runner.profile.xcconfig */,
				9D8489B07F180424E5C52EDE /* Pods-RunnerTests.debug.xcconfig */,
				5253981453D4812FB15034A1 /* Pods-RunnerTests.release.xcconfig */,
				AFB11E0EF868B8792539546B /* Pods-RunnerTests.profile.xcconfig */,
			);
			name = Pods;
			path = Pods;
			sourceTree = "<group>";
		};
		9740EEB11CF90186004384FC /* Flutter */ = {
			isa = PBXGroup;
			children = (
				78E0A7A72DC9AD7400C4905E /* FlutterGeneratedPluginSwiftPackage */,
				3B3967151E833CAA004F5970 /* AppFrameworkInfo.plist */,
				E6000000000000000000000F /* EnterpriseBroadcast.xcconfig */,
				9740EEB21CF90195004384FC /* Debug.xcconfig */,
				7AFA3C8E1D35360C0083082E /* Release.xcconfig */,
				9740EEB31CF90195004384FC /* Generated.xcconfig */,
			);
			name = Flutter;
			sourceTree = "<group>";
		};
		97C146E51CF9000F007C117D = {
			isa = PBXGroup;
			children = (
				9740EEB11CF90186004384FC /* Flutter */,
				97C146F01CF9000F007C117D /* Runner */,
				E6000000000000000000001D /* EnterpriseBroadcast */,
				97C146EF1CF9000F007C117D /* Products */,
				331C8082294A63A400263BE5 /* RunnerTests */,
				736F077792687F861C59AC1F /* Pods */,
				39830DD8B0772B8CD3BFE93E /* Frameworks */,
			);
			sourceTree = "<group>";
		};
		97C146EF1CF9000F007C117D /* Products */ = {
			isa = PBXGroup;
			children = (
				97C146EE1CF9000F007C117D /* Runner.app */,
				331C8081294A63A400263BE5 /* RunnerTests.xctest */,
				E60000000000000000000004 /* EnterpriseBroadcast.appex */,
			);
			name = Products;
			sourceTree = "<group>";
		};
		97C146F01CF9000F007C117D /* Runner */ = {
			isa = PBXGroup;
			children = (
				97C146FA1CF9000F007C117D /* Main.storyboard */,
				97C146FD1CF9000F007C117D /* Assets.xcassets */,
				97C146FF1CF9000F007C117D /* LaunchScreen.storyboard */,
				97C147021CF9000F007C117D /* Info.plist */,
				E6000000000000000000000E /* Runner.entitlements */,
				B100001B000000000000001B /* InfoPlist.strings */,
				C10000020000000000000002 /* Models */,
				1498D2321E8E86230040F4C2 /* GeneratedPluginRegistrant.h */,
				1498D2331E8E89220040F4C2 /* GeneratedPluginRegistrant.m */,
				74858FAE1ED2DC5600515810 /* AppDelegate.swift */,
				A100001B00000000000001B /* AudioSessionCoordinator.swift */,
				A10000040000000000000004 /* CoreMlNemotronAsrBridge.swift */,
				A10000050000000000000005 /* CoreMlNemotronAudioInput.swift */,
				A100000D00000000000000D /* CoreMlNemotronEndpointDetector.swift */,
				A100001D00000000000001D /* CoreMlNemotronFluidVad.swift */,
				A100001F00000000000001F /* CoreMlNemotronLanguageRouter.swift */,
				A1000021000000000000021 /* CoreMlNemotronDiagnosticRecorder.swift */,
				A10000090000000000000009 /* CoreMlNemotronFluidAudioAdapter.swift */,
				A1000010000000000000010 /* CoreMlNemotronModelResolver.swift */,
				A10000060000000000000006 /* CoreMlNemotronModelStore.swift */,
				A1000011000000000000011 /* CoreMlNemotronRuntimeOptions.swift */,
				A1000013000000000000013 /* OnDeviceTranslationBridge.swift */,
				A1000015000000000000015 /* SpeechOutputBridge.swift */,
				A1000017000000000000017 /* OcrBridge.swift */,
				A1000019000000000000019 /* StoreKitBridge.swift */,
				E60000000000000000000002 /* EnterpriseReplayKitBridge.swift */,
				7884E8672EC3CC0400C636F2 /* SceneDelegate.swift */,
				74858FAD1ED2DC5600515810 /* Runner-Bridging-Header.h */,
			);
			path = Runner;
			sourceTree = "<group>";
		};
		E6000000000000000000001D /* EnterpriseBroadcast */ = {
			isa = PBXGroup;
			children = (
				E60000000000000000000015 /* Info.plist */,
				E60000000000000000000016 /* EnterpriseBroadcast.entitlements */,
				E60000000000000000000017 /* Atomic.swift */,
				E60000000000000000000018 /* DarwinNotificationCenter.swift */,
				E60000000000000000000019 /* SocketConnection.swift */,
				E6000000000000000000001A /* SampleUploader.swift */,
				E6000000000000000000001B /* SampleHandler.swift */,
			);
			path = EnterpriseBroadcast;
			sourceTree = "<group>";
		};
/* End PBXGroup section */

/* Begin PBXNativeTarget section */
		331C8080294A63A400263BE5 /* RunnerTests */ = {
			isa = PBXNativeTarget;
			buildConfigurationList = 331C8087294A63A400263BE5 /* Build configuration list for PBXNativeTarget "RunnerTests" */;
			buildPhases = (
				D63831C0E6EC141C01D307AA /* [CP] Check Pods Manifest.lock */,
				331C807D294A63A400263BE5 /* Sources */,
				331C807F294A63A400263BE5 /* Resources */,
				80C250776264C2626862593A /* Frameworks */,
			);
			buildRules = (
			);
			dependencies = (
				331C8086294A63A400263BE5 /* PBXTargetDependency */,
			);
			name = RunnerTests;
			productName = RunnerTests;
			productReference = 331C8081294A63A400263BE5 /* RunnerTests.xctest */;
			productType = "com.apple.product-type.bundle.unit-test";
		};
		97C146ED1CF9000F007C117D /* Runner */ = {
			isa = PBXNativeTarget;
			buildConfigurationList = 97C147051CF9000F007C117D /* Build configuration list for PBXNativeTarget "Runner" */;
			buildPhases = (
				997FE89F7E7D9402BBAD848B /* [CP] Check Pods Manifest.lock */,
				9740EEB61CF901F6004384FC /* Run Script */,
				97C146EA1CF9000F007C117D /* Sources */,
				97C146EB1CF9000F007C117D /* Frameworks */,
				97C146EC1CF9000F007C117D /* Resources */,
				9705A1C41CF9048500538489 /* Embed Frameworks */,
				E6000000000000000000000D /* Embed App Extensions */,
				3B06AD1E1E4923F5004D2608 /* Thin Binary */,
				C332AB16B4C2A1918A68FF85 /* [CP] Embed Pods Frameworks */,
			);
			buildRules = (
			);
			dependencies = (
				E60000000000000000000021 /* PBXTargetDependency */,
			);
			name = Runner;
			packageProductDependencies = (
				78A3181F2AECB46A00862997 /* FlutterGeneratedPluginSwiftPackage */,
				A100000A00000000000000A /* FluidAudio */,
			);
			productName = Runner;
			productReference = 97C146EE1CF9000F007C117D /* Runner.app */;
			productType = "com.apple.product-type.application";
		};
		E60000000000000000000020 /* EnterpriseBroadcast */ = {
			isa = PBXNativeTarget;
			buildConfigurationList = E60000000000000000000025 /* Build configuration list for PBXNativeTarget "EnterpriseBroadcast" */;
			buildPhases = (
				E6000000000000000000001E /* Sources */,
				E6000000000000000000001C /* Frameworks */,
				E6000000000000000000001F /* Resources */,
			);
			buildRules = (
			);
			dependencies = (
			);
			name = EnterpriseBroadcast;
			productName = EnterpriseBroadcast;
			productReference = E60000000000000000000004 /* EnterpriseBroadcast.appex */;
			productType = "com.apple.product-type.app-extension";
		};
/* End PBXNativeTarget section */

/* Begin PBXProject section */
		97C146E61CF9000F007C117D /* Project object */ = {
			isa = PBXProject;
			attributes = {
				BuildIndependentTargetsInParallel = YES;
				LastUpgradeCheck = 1510;
				ORGANIZATIONNAME = "";
				TargetAttributes = {
					331C8080294A63A400263BE5 = {
						CreatedOnToolsVersion = 14.0;
						TestTargetID = 97C146ED1CF9000F007C117D;
					};
					97C146ED1CF9000F007C117D = {
						CreatedOnToolsVersion = 7.3.1;
						LastSwiftMigration = 1100;
					};
					E60000000000000000000020 = {
						CreatedOnToolsVersion = 15.1;
					};
				};
			};
			buildConfigurationList = 97C146E91CF9000F007C117D /* Build configuration list for PBXProject "Runner" */;
			compatibilityVersion = "Xcode 9.3";
			developmentRegion = en;
			hasScannedForEncodings = 0;
			knownRegions = (
				en,
				"zh-Hans",
				Base,
			);
			mainGroup = 97C146E51CF9000F007C117D;
			packageReferences = (
				781AD8BC2B33823900A9FFBB /* XCLocalSwiftPackageReference "FlutterGeneratedPluginSwiftPackage" */,
				A100000B00000000000000B /* XCRemoteSwiftPackageReference "FluidAudio" */,
			);
			productRefGroup = 97C146EF1CF9000F007C117D /* Products */;
			projectDirPath = "";
			projectRoot = "";
			targets = (
				97C146ED1CF9000F007C117D /* Runner */,
				E60000000000000000000020 /* EnterpriseBroadcast */,
				331C8080294A63A400263BE5 /* RunnerTests */,
			);
		};
/* End PBXProject section */

/* Begin PBXResourcesBuildPhase section */
		331C807F294A63A400263BE5 /* Resources */ = {
			isa = PBXResourcesBuildPhase;
			buildActionMask = 2147483647;
			files = (
			);
			runOnlyForDeploymentPostprocessing = 0;
		};
		97C146EC1CF9000F007C117D /* Resources */ = {
			isa = PBXResourcesBuildPhase;
			buildActionMask = 2147483647;
			files = (
				B100001C000000000000001C /* InfoPlist.strings in Resources */,
				97C147011CF9000F007C117D /* LaunchScreen.storyboard in Resources */,
				3B3967161E833CAA004F5970 /* AppFrameworkInfo.plist in Resources */,
				C10000010000000000000001 /* Models in Resources */,
				97C146FE1CF9000F007C117D /* Assets.xcassets in Resources */,
				97C146FC1CF9000F007C117D /* Main.storyboard in Resources */,
			);
			runOnlyForDeploymentPostprocessing = 0;
		};
		E6000000000000000000001F /* Resources */ = {
			isa = PBXResourcesBuildPhase;
			buildActionMask = 2147483647;
			files = (
			);
			runOnlyForDeploymentPostprocessing = 0;
		};
/* End PBXResourcesBuildPhase section */

/* Begin PBXShellScriptBuildPhase section */
		3B06AD1E1E4923F5004D2608 /* Thin Binary */ = {
			isa = PBXShellScriptBuildPhase;
			alwaysOutOfDate = 1;
			buildActionMask = 2147483647;
			files = (
			);
			inputPaths = (
				"${TARGET_BUILD_DIR}/${INFOPLIST_PATH}",
			);
			name = "Thin Binary";
			outputPaths = (
			);
			runOnlyForDeploymentPostprocessing = 0;
			shellPath = /bin/sh;
			shellScript = "/bin/sh \"$FLUTTER_ROOT/packages/flutter_tools/bin/xcode_backend.sh\" embed_and_thin";
		};
		9740EEB61CF901F6004384FC /* Run Script */ = {
			isa = PBXShellScriptBuildPhase;
			alwaysOutOfDate = 1;
			buildActionMask = 2147483647;
			files = (
			);
			inputPaths = (
			);
			name = "Run Script";
			outputPaths = (
			);
			runOnlyForDeploymentPostprocessing = 0;
			shellPath = /bin/sh;
			shellScript = "/bin/sh \"$FLUTTER_ROOT/packages/flutter_tools/bin/xcode_backend.sh\" build";
		};
		997FE89F7E7D9402BBAD848B /* [CP] Check Pods Manifest.lock */ = {
			isa = PBXShellScriptBuildPhase;
			buildActionMask = 2147483647;
			files = (
			);
			inputFileListPaths = (
			);
			inputPaths = (
				"${PODS_PODFILE_DIR_PATH}/Podfile.lock",
				"${PODS_ROOT}/Manifest.lock",
			);
			name = "[CP] Check Pods Manifest.lock";
			outputFileListPaths = (
			);
			outputPaths = (
				"$(DERIVED_FILE_DIR)/Pods-Runner-checkManifestLockResult.txt",
			);
			runOnlyForDeploymentPostprocessing = 0;
			shellPath = /bin/sh;
			shellScript = "diff \"${PODS_PODFILE_DIR_PATH}/Podfile.lock\" \"${PODS_ROOT}/Manifest.lock\" > /dev/null\nif [ $? != 0 ] ; then\n    # print error to STDERR\n    echo \"error: The sandbox is not in sync with the Podfile.lock. Run 'pod install' or update your CocoaPods installation.\" >&2\n    exit 1\nfi\n# This output is used by Xcode 'outputs' to avoid re-running this script phase.\necho \"SUCCESS\" > \"${SCRIPT_OUTPUT_FILE_0}\"\n";
			showEnvVarsInLog = 0;
		};
		C332AB16B4C2A1918A68FF85 /* [CP] Embed Pods Frameworks */ = {
			isa = PBXShellScriptBuildPhase;
			buildActionMask = 2147483647;
			files = (
			);
			inputFileListPaths = (
				"${PODS_ROOT}/Target Support Files/Pods-Runner/Pods-Runner-frameworks-${CONFIGURATION}-input-files.xcfilelist",
			);
			name = "[CP] Embed Pods Frameworks";
			outputFileListPaths = (
				"${PODS_ROOT}/Target Support Files/Pods-Runner/Pods-Runner-frameworks-${CONFIGURATION}-output-files.xcfilelist",
			);
			runOnlyForDeploymentPostprocessing = 0;
			shellPath = /bin/sh;
			shellScript = "\"${PODS_ROOT}/Target Support Files/Pods-Runner/Pods-Runner-frameworks.sh\"\n";
			showEnvVarsInLog = 0;
		};
		D63831C0E6EC141C01D307AA /* [CP] Check Pods Manifest.lock */ = {
			isa = PBXShellScriptBuildPhase;
			buildActionMask = 2147483647;
			files = (
			);
			inputFileListPaths = (
			);
			inputPaths = (
				"${PODS_PODFILE_DIR_PATH}/Podfile.lock",
				"${PODS_ROOT}/Manifest.lock",
			);
			name = "[CP] Check Pods Manifest.lock";
			outputFileListPaths = (
			);
			outputPaths = (
				"$(DERIVED_FILE_DIR)/Pods-RunnerTests-checkManifestLockResult.txt",
			);
			runOnlyForDeploymentPostprocessing = 0;
			shellPath = /bin/sh;
			shellScript = "diff \"${PODS_PODFILE_DIR_PATH}/Podfile.lock\" \"${PODS_ROOT}/Manifest.lock\" > /dev/null\nif [ $? != 0 ] ; then\n    # print error to STDERR\n    echo \"error: The sandbox is not in sync with the Podfile.lock. Run 'pod install' or update your CocoaPods installation.\" >&2\n    exit 1\nfi\n# This output is used by Xcode 'outputs' to avoid re-running this script phase.\necho \"SUCCESS\" > \"${SCRIPT_OUTPUT_FILE_0}\"\n";
			showEnvVarsInLog = 0;
		};
/* End PBXShellScriptBuildPhase section */

/* Begin PBXSourcesBuildPhase section */
		331C807D294A63A400263BE5 /* Sources */ = {
			isa = PBXSourcesBuildPhase;
			buildActionMask = 2147483647;
			files = (
				331C808B294A63AB00263BE5 /* RunnerTests.swift in Sources */,
			);
			runOnlyForDeploymentPostprocessing = 0;
		};
		97C146EA1CF9000F007C117D /* Sources */ = {
			isa = PBXSourcesBuildPhase;
			buildActionMask = 2147483647;
			files = (
				74858FAF1ED2DC5600515810 /* AppDelegate.swift in Sources */,
				A10000010000000000000001 /* CoreMlNemotronAsrBridge.swift in Sources */,
				A10000020000000000000002 /* CoreMlNemotronAudioInput.swift in Sources */,
				A100000C00000000000000C /* CoreMlNemotronEndpointDetector.swift in Sources */,
				A100001C00000000000001C /* CoreMlNemotronFluidVad.swift in Sources */,
				A100001E00000000000001E /* CoreMlNemotronLanguageRouter.swift in Sources */,
				A1000020000000000000020 /* CoreMlNemotronDiagnosticRecorder.swift in Sources */,
				A10000070000000000000007 /* CoreMlNemotronFluidAudioAdapter.swift in Sources */,
				A100000E00000000000000E /* CoreMlNemotronModelResolver.swift in Sources */,
				A10000030000000000000003 /* CoreMlNemotronModelStore.swift in Sources */,
				A100000F00000000000000F /* CoreMlNemotronRuntimeOptions.swift in Sources */,
				A1000012000000000000012 /* OnDeviceTranslationBridge.swift in Sources */,
				A1000014000000000000014 /* SpeechOutputBridge.swift in Sources */,
				A1000016000000000000016 /* OcrBridge.swift in Sources */,
				A1000018000000000000018 /* StoreKitBridge.swift in Sources */,
				A100001A00000000000001A /* AudioSessionCoordinator.swift in Sources */,
				1498D2341E8E89220040F4C2 /* GeneratedPluginRegistrant.m in Sources */,
				7884E8682EC3CC0700C636F2 /* SceneDelegate.swift in Sources */,
				E60000000000000000000001 /* EnterpriseReplayKitBridge.swift in Sources */,
			);
			runOnlyForDeploymentPostprocessing = 0;
		};
		E6000000000000000000001E /* Sources */ = {
			isa = PBXSourcesBuildPhase;
			buildActionMask = 2147483647;
			files = (
				E60000000000000000000007 /* Atomic.swift in Sources */,
				E60000000000000000000008 /* DarwinNotificationCenter.swift in Sources */,
				E60000000000000000000009 /* SocketConnection.swift in Sources */,
				E6000000000000000000000A /* SampleUploader.swift in Sources */,
				E6000000000000000000000B /* SampleHandler.swift in Sources */,
			);
			runOnlyForDeploymentPostprocessing = 0;
		};
/* End PBXSourcesBuildPhase section */

/* Begin PBXTargetDependency section */
		331C8086294A63A400263BE5 /* PBXTargetDependency */ = {
			isa = PBXTargetDependency;
			target = 97C146ED1CF9000F007C117D /* Runner */;
			targetProxy = 331C8085294A63A400263BE5 /* PBXContainerItemProxy */;
		};
		E60000000000000000000021 /* PBXTargetDependency */ = {
			isa = PBXTargetDependency;
			target = E60000000000000000000020 /* EnterpriseBroadcast */;
			targetProxy = E6000000000000000000000C /* PBXContainerItemProxy */;
		};
/* End PBXTargetDependency section */

/* Begin PBXVariantGroup section */
		97C146FA1CF9000F007C117D /* Main.storyboard */ = {
			isa = PBXVariantGroup;
			children = (
				97C146FB1CF9000F007C117D /* Base */,
			);
			name = Main.storyboard;
			sourceTree = "<group>";
		};
		97C146FF1CF9000F007C117D /* LaunchScreen.storyboard */ = {
			isa = PBXVariantGroup;
			children = (
				97C147001CF9000F007C117D /* Base */,
			);
			name = LaunchScreen.storyboard;
			sourceTree = "<group>";
		};
		B100001B000000000000001B /* InfoPlist.strings */ = {
			isa = PBXVariantGroup;
			children = (
				B100001A000000000000001A /* en */,
				B10000190000000000000019 /* zh-Hans */,
			);
			name = InfoPlist.strings;
			sourceTree = "<group>";
		};
/* End PBXVariantGroup section */

/* Begin XCBuildConfiguration section */
		249021D3217E4FDB00AE95B9 /* Profile */ = {
			isa = XCBuildConfiguration;
			buildSettings = {
				ALWAYS_SEARCH_USER_PATHS = NO;
				ASSETCATALOG_COMPILER_GENERATE_SWIFT_ASSET_SYMBOL_EXTENSIONS = YES;
				CLANG_ANALYZER_NONNULL = YES;
				CLANG_CXX_LANGUAGE_STANDARD = "gnu++0x";
				CLANG_CXX_LIBRARY = "libc++";
				CLANG_ENABLE_MODULES = YES;
				CLANG_ENABLE_OBJC_ARC = YES;
				CLANG_WARN_BLOCK_CAPTURE_AUTORELEASING = YES;
				CLANG_WARN_BOOL_CONVERSION = YES;
				CLANG_WARN_COMMA = YES;
				CLANG_WARN_CONSTANT_CONVERSION = YES;
				CLANG_WARN_DEPRECATED_OBJC_IMPLEMENTATIONS = YES;
				CLANG_WARN_DIRECT_OBJC_ISA_USAGE = YES_ERROR;
				CLANG_WARN_EMPTY_BODY = YES;
				CLANG_WARN_ENUM_CONVERSION = YES;
				CLANG_WARN_INFINITE_RECURSION = YES;
				CLANG_WARN_INT_CONVERSION = YES;
				CLANG_WARN_NON_LITERAL_NULL_CONVERSION = YES;
				CLANG_WARN_OBJC_IMPLICIT_RETAIN_SELF = YES;
				CLANG_WARN_OBJC_LITERAL_CONVERSION = YES;
				CLANG_WARN_OBJC_ROOT_CLASS = YES_ERROR;
				CLANG_WARN_RANGE_LOOP_ANALYSIS = YES;
				CLANG_WARN_STRICT_PROTOTYPES = YES;
				CLANG_WARN_SUSPICIOUS_MOVE = YES;
				CLANG_WARN_UNREACHABLE_CODE = YES;
				CLANG_WARN__DUPLICATE_METHOD_MATCH = YES;
				"CODE_SIGN_IDENTITY[sdk=iphoneos*]" = "iPhone Developer";
				COPY_PHASE_STRIP = NO;
				DEBUG_INFORMATION_FORMAT = "dwarf-with-dsym";
				ENABLE_NS_ASSERTIONS = NO;
				ENABLE_STRICT_OBJC_MSGSEND = YES;
				ENABLE_USER_SCRIPT_SANDBOXING = NO;
				GCC_C_LANGUAGE_STANDARD = gnu99;
				GCC_NO_COMMON_BLOCKS = YES;
				GCC_WARN_64_TO_32_BIT_CONVERSION = YES;
				GCC_WARN_ABOUT_RETURN_TYPE = YES_ERROR;
				GCC_WARN_UNDECLARED_SELECTOR = YES;
				GCC_WARN_UNINITIALIZED_AUTOS = YES_AGGRESSIVE;
				GCC_WARN_UNUSED_FUNCTION = YES;
				GCC_WARN_UNUSED_VARIABLE = YES;
				IPHONEOS_DEPLOYMENT_TARGET = 17.0;
				MTL_ENABLE_DEBUG_INFO = NO;
				SDKROOT = iphoneos;
				SUPPORTED_PLATFORMS = iphoneos;
				TARGETED_DEVICE_FAMILY = "1,2";
				VALIDATE_PRODUCT = YES;
			};
			name = Profile;
		};
		249021D4217E4FDB00AE95B9 /* Profile */ = {
			isa = XCBuildConfiguration;
			baseConfigurationReference = 7AFA3C8E1D35360C0083082E /* Release.xcconfig */;
			buildSettings = {
				ASSETCATALOG_COMPILER_APPICON_NAME = AppIcon;
				CLANG_ENABLE_MODULES = YES;
				CODE_SIGN_ENTITLEMENTS = Runner/Runner.entitlements;
				CURRENT_PROJECT_VERSION = "$(FLUTTER_BUILD_NUMBER)";
				DEVELOPMENT_TEAM = "$(TRANSLATION_IOS_DEVELOPMENT_TEAM)";
				ENABLE_BITCODE = NO;
				INFOPLIST_FILE = Runner/Info.plist;
				LD_RUNPATH_SEARCH_PATHS = (
					"$(inherited)",
					"@executable_path/Frameworks",
				);
				PRODUCT_BUNDLE_IDENTIFIER = "$(TRANSLATION_IOS_BUNDLE_ID)";
				PRODUCT_NAME = "$(TARGET_NAME)";
				SWIFT_OBJC_BRIDGING_HEADER = "Runner/Runner-Bridging-Header.h";
				SWIFT_VERSION = 5.0;
				VERSIONING_SYSTEM = "apple-generic";
			};
			name = Profile;
		};
		331C8088294A63A400263BE5 /* Debug */ = {
			isa = XCBuildConfiguration;
			baseConfigurationReference = 9D8489B07F180424E5C52EDE /* Pods-RunnerTests.debug.xcconfig */;
			buildSettings = {
				BUNDLE_LOADER = "$(TEST_HOST)";
				CODE_SIGN_STYLE = Automatic;
				CURRENT_PROJECT_VERSION = 1;
				GENERATE_INFOPLIST_FILE = YES;
				MARKETING_VERSION = 1.0;
				PRODUCT_BUNDLE_IDENTIFIER = "$(TRANSLATION_IOS_BUNDLE_ID).RunnerTests";
				PRODUCT_NAME = "$(TARGET_NAME)";
				SWIFT_ACTIVE_COMPILATION_CONDITIONS = DEBUG;
				SWIFT_OPTIMIZATION_LEVEL = "-Onone";
				SWIFT_VERSION = 5.0;
				TEST_HOST = "$(BUILT_PRODUCTS_DIR)/Runner.app/$(BUNDLE_EXECUTABLE_FOLDER_PATH)/Runner";
			};
			name = Debug;
		};
		331C8089294A63A400263BE5 /* Release */ = {
			isa = XCBuildConfiguration;
			baseConfigurationReference = 5253981453D4812FB15034A1 /* Pods-RunnerTests.release.xcconfig */;
			buildSettings = {
				BUNDLE_LOADER = "$(TEST_HOST)";
				CODE_SIGN_STYLE = Automatic;
				CURRENT_PROJECT_VERSION = 1;
				GENERATE_INFOPLIST_FILE = YES;
				MARKETING_VERSION = 1.0;
				PRODUCT_BUNDLE_IDENTIFIER = "$(TRANSLATION_IOS_BUNDLE_ID).RunnerTests";
				PRODUCT_NAME = "$(TARGET_NAME)";
				SWIFT_VERSION = 5.0;
				TEST_HOST = "$(BUILT_PRODUCTS_DIR)/Runner.app/$(BUNDLE_EXECUTABLE_FOLDER_PATH)/Runner";
			};
			name = Release;
		};
		331C808A294A63A400263BE5 /* Profile */ = {
			isa = XCBuildConfiguration;
			baseConfigurationReference = AFB11E0EF868B8792539546B /* Pods-RunnerTests.profile.xcconfig */;
			buildSettings = {
				BUNDLE_LOADER = "$(TEST_HOST)";
				CODE_SIGN_STYLE = Automatic;
				CURRENT_PROJECT_VERSION = 1;
				GENERATE_INFOPLIST_FILE = YES;
				MARKETING_VERSION = 1.0;
				PRODUCT_BUNDLE_IDENTIFIER = "$(TRANSLATION_IOS_BUNDLE_ID).RunnerTests";
				PRODUCT_NAME = "$(TARGET_NAME)";
				SWIFT_VERSION = 5.0;
				TEST_HOST = "$(BUILT_PRODUCTS_DIR)/Runner.app/$(BUNDLE_EXECUTABLE_FOLDER_PATH)/Runner";
			};
			name = Profile;
		};
		97C147031CF9000F007C117D /* Debug */ = {
			isa = XCBuildConfiguration;
			buildSettings = {
				ALWAYS_SEARCH_USER_PATHS = NO;
				ASSETCATALOG_COMPILER_GENERATE_SWIFT_ASSET_SYMBOL_EXTENSIONS = YES;
				CLANG_ANALYZER_NONNULL = YES;
				CLANG_CXX_LANGUAGE_STANDARD = "gnu++0x";
				CLANG_CXX_LIBRARY = "libc++";
				CLANG_ENABLE_MODULES = YES;
				CLANG_ENABLE_OBJC_ARC = YES;
				CLANG_WARN_BLOCK_CAPTURE_AUTORELEASING = YES;
				CLANG_WARN_BOOL_CONVERSION = YES;
				CLANG_WARN_COMMA = YES;
				CLANG_WARN_CONSTANT_CONVERSION = YES;
				CLANG_WARN_DEPRECATED_OBJC_IMPLEMENTATIONS = YES;
				CLANG_WARN_DIRECT_OBJC_ISA_USAGE = YES_ERROR;
				CLANG_WARN_EMPTY_BODY = YES;
				CLANG_WARN_ENUM_CONVERSION = YES;
				CLANG_WARN_INFINITE_RECURSION = YES;
				CLANG_WARN_INT_CONVERSION = YES;
				CLANG_WARN_NON_LITERAL_NULL_CONVERSION = YES;
				CLANG_WARN_OBJC_IMPLICIT_RETAIN_SELF = YES;
				CLANG_WARN_OBJC_LITERAL_CONVERSION = YES;
				CLANG_WARN_OBJC_ROOT_CLASS = YES_ERROR;
				CLANG_WARN_RANGE_LOOP_ANALYSIS = YES;
				CLANG_WARN_STRICT_PROTOTYPES = YES;
				CLANG_WARN_SUSPICIOUS_MOVE = YES;
				CLANG_WARN_UNREACHABLE_CODE = YES;
				CLANG_WARN__DUPLICATE_METHOD_MATCH = YES;
				"CODE_SIGN_IDENTITY[sdk=iphoneos*]" = "iPhone Developer";
				COPY_PHASE_STRIP = NO;
				DEBUG_INFORMATION_FORMAT = dwarf;
				ENABLE_STRICT_OBJC_MSGSEND = YES;
				ENABLE_TESTABILITY = YES;
				ENABLE_USER_SCRIPT_SANDBOXING = NO;
				GCC_C_LANGUAGE_STANDARD = gnu99;
				GCC_DYNAMIC_NO_PIC = NO;
				GCC_NO_COMMON_BLOCKS = YES;
				GCC_OPTIMIZATION_LEVEL = 0;
				GCC_PREPROCESSOR_DEFINITIONS = (
					"DEBUG=1",
					"$(inherited)",
				);
				GCC_WARN_64_TO_32_BIT_CONVERSION = YES;
				GCC_WARN_ABOUT_RETURN_TYPE = YES_ERROR;
				GCC_WARN_UNDECLARED_SELECTOR = YES;
				GCC_WARN_UNINITIALIZED_AUTOS = YES_AGGRESSIVE;
				GCC_WARN_UNUSED_FUNCTION = YES;
				GCC_WARN_UNUSED_VARIABLE = YES;
				IPHONEOS_DEPLOYMENT_TARGET = 17.0;
				MTL_ENABLE_DEBUG_INFO = YES;
				ONLY_ACTIVE_ARCH = YES;
				SDKROOT = iphoneos;
				TARGETED_DEVICE_FAMILY = "1,2";
			};
			name = Debug;
		};
		97C147041CF9000F007C117D /* Release */ = {
			isa = XCBuildConfiguration;
			buildSettings = {
				ALWAYS_SEARCH_USER_PATHS = NO;
				ASSETCATALOG_COMPILER_GENERATE_SWIFT_ASSET_SYMBOL_EXTENSIONS = YES;
				CLANG_ANALYZER_NONNULL = YES;
				CLANG_CXX_LANGUAGE_STANDARD = "gnu++0x";
				CLANG_CXX_LIBRARY = "libc++";
				CLANG_ENABLE_MODULES = YES;
				CLANG_ENABLE_OBJC_ARC = YES;
				CLANG_WARN_BLOCK_CAPTURE_AUTORELEASING = YES;
				CLANG_WARN_BOOL_CONVERSION = YES;
				CLANG_WARN_COMMA = YES;
				CLANG_WARN_CONSTANT_CONVERSION = YES;
				CLANG_WARN_DEPRECATED_OBJC_IMPLEMENTATIONS = YES;
				CLANG_WARN_DIRECT_OBJC_ISA_USAGE = YES_ERROR;
				CLANG_WARN_EMPTY_BODY = YES;
				CLANG_WARN_ENUM_CONVERSION = YES;
				CLANG_WARN_INFINITE_RECURSION = YES;
				CLANG_WARN_INT_CONVERSION = YES;
				CLANG_WARN_NON_LITERAL_NULL_CONVERSION = YES;
				CLANG_WARN_OBJC_IMPLICIT_RETAIN_SELF = YES;
				CLANG_WARN_OBJC_LITERAL_CONVERSION = YES;
				CLANG_WARN_OBJC_ROOT_CLASS = YES_ERROR;
				CLANG_WARN_RANGE_LOOP_ANALYSIS = YES;
				CLANG_WARN_STRICT_PROTOTYPES = YES;
				CLANG_WARN_SUSPICIOUS_MOVE = YES;
				CLANG_WARN_UNREACHABLE_CODE = YES;
				CLANG_WARN__DUPLICATE_METHOD_MATCH = YES;
				"CODE_SIGN_IDENTITY[sdk=iphoneos*]" = "iPhone Developer";
				COPY_PHASE_STRIP = NO;
				DEBUG_INFORMATION_FORMAT = "dwarf-with-dsym";
				ENABLE_NS_ASSERTIONS = NO;
				ENABLE_STRICT_OBJC_MSGSEND = YES;
				ENABLE_USER_SCRIPT_SANDBOXING = NO;
				GCC_C_LANGUAGE_STANDARD = gnu99;
				GCC_NO_COMMON_BLOCKS = YES;
				GCC_WARN_64_TO_32_BIT_CONVERSION = YES;
				GCC_WARN_ABOUT_RETURN_TYPE = YES_ERROR;
				GCC_WARN_UNDECLARED_SELECTOR = YES;
				GCC_WARN_UNINITIALIZED_AUTOS = YES_AGGRESSIVE;
				GCC_WARN_UNUSED_FUNCTION = YES;
				GCC_WARN_UNUSED_VARIABLE = YES;
				IPHONEOS_DEPLOYMENT_TARGET = 17.0;
				MTL_ENABLE_DEBUG_INFO = NO;
				SDKROOT = iphoneos;
				SUPPORTED_PLATFORMS = iphoneos;
				SWIFT_COMPILATION_MODE = wholemodule;
				SWIFT_OPTIMIZATION_LEVEL = "-O";
				TARGETED_DEVICE_FAMILY = "1,2";
				VALIDATE_PRODUCT = YES;
			};
			name = Release;
		};
		97C147061CF9000F007C117D /* Debug */ = {
			isa = XCBuildConfiguration;
			baseConfigurationReference = 9740EEB21CF90195004384FC /* Debug.xcconfig */;
			buildSettings = {
				ASSETCATALOG_COMPILER_APPICON_NAME = AppIcon;
				CLANG_ENABLE_MODULES = YES;
				CODE_SIGN_ENTITLEMENTS = Runner/Runner.entitlements;
				CURRENT_PROJECT_VERSION = "$(FLUTTER_BUILD_NUMBER)";
				DEVELOPMENT_TEAM = "$(TRANSLATION_IOS_DEVELOPMENT_TEAM)";
				ENABLE_BITCODE = NO;
				INFOPLIST_FILE = Runner/Info.plist;
				LD_RUNPATH_SEARCH_PATHS = (
					"$(inherited)",
					"@executable_path/Frameworks",
				);
				PRODUCT_BUNDLE_IDENTIFIER = "$(TRANSLATION_IOS_BUNDLE_ID)";
				PRODUCT_NAME = "$(TARGET_NAME)";
				SWIFT_OBJC_BRIDGING_HEADER = "Runner/Runner-Bridging-Header.h";
				SWIFT_OPTIMIZATION_LEVEL = "-Onone";
				SWIFT_VERSION = 5.0;
				VERSIONING_SYSTEM = "apple-generic";
			};
			name = Debug;
		};
		97C147071CF9000F007C117D /* Release */ = {
			isa = XCBuildConfiguration;
			baseConfigurationReference = 7AFA3C8E1D35360C0083082E /* Release.xcconfig */;
			buildSettings = {
				ASSETCATALOG_COMPILER_APPICON_NAME = AppIcon;
				CLANG_ENABLE_MODULES = YES;
				CODE_SIGN_ENTITLEMENTS = Runner/Runner.entitlements;
				CURRENT_PROJECT_VERSION = "$(FLUTTER_BUILD_NUMBER)";
				DEVELOPMENT_TEAM = "$(TRANSLATION_IOS_DEVELOPMENT_TEAM)";
				ENABLE_BITCODE = NO;
				INFOPLIST_FILE = Runner/Info.plist;
				LD_RUNPATH_SEARCH_PATHS = (
					"$(inherited)",
					"@executable_path/Frameworks",
				);
				PRODUCT_BUNDLE_IDENTIFIER = "$(TRANSLATION_IOS_BUNDLE_ID)";
				PRODUCT_NAME = "$(TARGET_NAME)";
				SWIFT_OBJC_BRIDGING_HEADER = "Runner/Runner-Bridging-Header.h";
				SWIFT_VERSION = 5.0;
				VERSIONING_SYSTEM = "apple-generic";
			};
			name = Release;
		};
		E60000000000000000000022 /* Debug */ = {
			isa = XCBuildConfiguration;
			baseConfigurationReference = E6000000000000000000000F /* EnterpriseBroadcast.xcconfig */;
			buildSettings = {
				APPLICATION_EXTENSION_API_ONLY = YES;
				CODE_SIGN_ENTITLEMENTS = EnterpriseBroadcast/EnterpriseBroadcast.entitlements;
				CODE_SIGN_STYLE = Automatic;
				CURRENT_PROJECT_VERSION = "$(FLUTTER_BUILD_NUMBER)";
				DEVELOPMENT_TEAM = "$(TRANSLATION_IOS_DEVELOPMENT_TEAM)";
				INFOPLIST_FILE = EnterpriseBroadcast/Info.plist;
				IPHONEOS_DEPLOYMENT_TARGET = 17.0;
				MARKETING_VERSION = "$(FLUTTER_BUILD_NAME)";
				PRODUCT_BUNDLE_IDENTIFIER = "$(TRANSLATION_IOS_BROADCAST_EXTENSION_ID)";
				PRODUCT_NAME = "$(TARGET_NAME)";
				SDKROOT = iphoneos;
				SKIP_INSTALL = YES;
				SWIFT_ACTIVE_COMPILATION_CONDITIONS = DEBUG;
				SWIFT_OPTIMIZATION_LEVEL = "-Onone";
				SWIFT_VERSION = 5.0;
				TARGETED_DEVICE_FAMILY = "1,2";
			};
			name = Debug;
		};
		E60000000000000000000023 /* Release */ = {
			isa = XCBuildConfiguration;
			baseConfigurationReference = E6000000000000000000000F /* EnterpriseBroadcast.xcconfig */;
			buildSettings = {
				APPLICATION_EXTENSION_API_ONLY = YES;
				CODE_SIGN_ENTITLEMENTS = EnterpriseBroadcast/EnterpriseBroadcast.entitlements;
				CODE_SIGN_STYLE = Automatic;
				CURRENT_PROJECT_VERSION = "$(FLUTTER_BUILD_NUMBER)";
				DEVELOPMENT_TEAM = "$(TRANSLATION_IOS_DEVELOPMENT_TEAM)";
				INFOPLIST_FILE = EnterpriseBroadcast/Info.plist;
				IPHONEOS_DEPLOYMENT_TARGET = 17.0;
				MARKETING_VERSION = "$(FLUTTER_BUILD_NAME)";
				PRODUCT_BUNDLE_IDENTIFIER = "$(TRANSLATION_IOS_BROADCAST_EXTENSION_ID)";
				PRODUCT_NAME = "$(TARGET_NAME)";
				SDKROOT = iphoneos;
				SKIP_INSTALL = YES;
				SWIFT_COMPILATION_MODE = wholemodule;
				SWIFT_OPTIMIZATION_LEVEL = "-O";
				SWIFT_VERSION = 5.0;
				TARGETED_DEVICE_FAMILY = "1,2";
				VALIDATE_PRODUCT = YES;
			};
			name = Release;
		};
		E60000000000000000000024 /* Profile */ = {
			isa = XCBuildConfiguration;
			baseConfigurationReference = E6000000000000000000000F /* EnterpriseBroadcast.xcconfig */;
			buildSettings = {
				APPLICATION_EXTENSION_API_ONLY = YES;
				CODE_SIGN_ENTITLEMENTS = EnterpriseBroadcast/EnterpriseBroadcast.entitlements;
				CODE_SIGN_STYLE = Automatic;
				CURRENT_PROJECT_VERSION = "$(FLUTTER_BUILD_NUMBER)";
				DEVELOPMENT_TEAM = "$(TRANSLATION_IOS_DEVELOPMENT_TEAM)";
				INFOPLIST_FILE = EnterpriseBroadcast/Info.plist;
				IPHONEOS_DEPLOYMENT_TARGET = 17.0;
				MARKETING_VERSION = "$(FLUTTER_BUILD_NAME)";
				PRODUCT_BUNDLE_IDENTIFIER = "$(TRANSLATION_IOS_BROADCAST_EXTENSION_ID)";
				PRODUCT_NAME = "$(TARGET_NAME)";
				SDKROOT = iphoneos;
				SKIP_INSTALL = YES;
				SWIFT_VERSION = 5.0;
				TARGETED_DEVICE_FAMILY = "1,2";
			};
			name = Profile;
		};
/* End XCBuildConfiguration section */

/* Begin XCConfigurationList section */
		331C8087294A63A400263BE5 /* Build configuration list for PBXNativeTarget "RunnerTests" */ = {
			isa = XCConfigurationList;
			buildConfigurations = (
				331C8088294A63A400263BE5 /* Debug */,
				331C8089294A63A400263BE5 /* Release */,
				331C808A294A63A400263BE5 /* Profile */,
			);
			defaultConfigurationIsVisible = 0;
			defaultConfigurationName = Release;
		};
		97C146E91CF9000F007C117D /* Build configuration list for PBXProject "Runner" */ = {
			isa = XCConfigurationList;
			buildConfigurations = (
				97C147031CF9000F007C117D /* Debug */,
				97C147041CF9000F007C117D /* Release */,
				249021D3217E4FDB00AE95B9 /* Profile */,
			);
			defaultConfigurationIsVisible = 0;
			defaultConfigurationName = Release;
		};
		97C147051CF9000F007C117D /* Build configuration list for PBXNativeTarget "Runner" */ = {
			isa = XCConfigurationList;
			buildConfigurations = (
				97C147061CF9000F007C117D /* Debug */,
				97C147071CF9000F007C117D /* Release */,
				249021D4217E4FDB00AE95B9 /* Profile */,
			);
			defaultConfigurationIsVisible = 0;
			defaultConfigurationName = Release;
		};
		E60000000000000000000025 /* Build configuration list for PBXNativeTarget "EnterpriseBroadcast" */ = {
			isa = XCConfigurationList;
			buildConfigurations = (
				E60000000000000000000022 /* Debug */,
				E60000000000000000000023 /* Release */,
				E60000000000000000000024 /* Profile */,
			);
			defaultConfigurationIsVisible = 0;
			defaultConfigurationName = Release;
		};
/* End XCConfigurationList section */

/* Begin XCLocalSwiftPackageReference section */
		781AD8BC2B33823900A9FFBB /* XCLocalSwiftPackageReference "FlutterGeneratedPluginSwiftPackage" */ = {
			isa = XCLocalSwiftPackageReference;
			relativePath = Flutter/ephemeral/Packages/FlutterGeneratedPluginSwiftPackage;
		};
/* End XCLocalSwiftPackageReference section */

/* Begin XCRemoteSwiftPackageReference section */
		A100000B00000000000000B /* XCRemoteSwiftPackageReference "FluidAudio" */ = {
			isa = XCRemoteSwiftPackageReference;
			repositoryURL = "https://github.com/FluidInference/FluidAudio.git";
			requirement = {
				kind = revision;
				revision = 9c20d9bccc1fa5a0b9890b088167c80ee2d6d913;
			};
		};
/* End XCRemoteSwiftPackageReference section */

/* Begin XCSwiftPackageProductDependency section */
		78A3181F2AECB46A00862997 /* FlutterGeneratedPluginSwiftPackage */ = {
			isa = XCSwiftPackageProductDependency;
			productName = FlutterGeneratedPluginSwiftPackage;
		};
		A100000A00000000000000A /* FluidAudio */ = {
			isa = XCSwiftPackageProductDependency;
			package = A100000B00000000000000B /* XCRemoteSwiftPackageReference "FluidAudio" */;
			productName = FluidAudio;
		};
/* End XCSwiftPackageProductDependency section */
	};
	rootObject = 97C146E61CF9000F007C117D /* Project object */;
}
